
Microsoft Visual Studio Solution File, Format Version 12.00
# Visual Studio 15
VisualStudioVersion = 15.0.27004.2008
MinimumVisualStudioVersion = 10.0.40219.1
Project("{FAE04EC0-301F-11D3-BF4B-00C04F79EFBC}") = "Xamarians.TwitterSdk.Android", "Xamarians.TwitterSdk\Xamarians.TwitterSdk.Android\Xamarians.TwitterSdk.Android.csproj", "{427FEB2C-A8AE-4466-A546-232673904D03}"
EndProject
Project("{FAE04EC0-301F-11D3-BF4B-00C04F79EFBC}") = "Xamarians.TwitterSdk", "Xamarians.TwitterSdk\Xamarians.TwitterSdk\Xamarians.TwitterSdk.csproj", "{5F384792-C05D-400B-9737-48CB0937C92C}"
EndProject
Project("{D954291E-2A0B-460D-934E-DC6B0785DB48}") = "Sample", "Sample\Sample\Sample.shproj", "{F6EDEC48-79A7-4396-983C-CE97833C8A60}"
EndProject
Project("{FAE04EC0-301F-11D3-BF4B-00C04F79EFBC}") = "Sample.Android", "Sample\Sample.Android\Sample.Android.csproj", "{4A282745-B9E8-4112-A833-6436DC8D904B}"
EndProject
Project("{FAE04EC0-301F-11D3-BF4B-00C04F79EFBC}") = "Sample.iOS", "Sample\Sample.iOS\Sample.iOS.csproj", "{E2458E75-522B-4757-93D6-B8D776397852}"
EndProject
Project("{FAE04EC0-301F-11D3-BF4B-00C04F79EFBC}") = "Xamarians.TwitterSdk.iOS", "Xamarians.TwitterSdk\Xamarians.TwitterSdk.iOS\Xamarians.TwitterSdk.iOS.csproj", "{E9F3A7EE-B230-409F-B58A-76BC09A4E6B6}"
EndProject
Global
	GlobalSection(SharedMSBuildProjectFiles) = preSolution
		Sample\Sample\Sample.projitems*{4a282745-b9e8-4112-a833-6436dc8d904b}*SharedItemsImports = 4
		Sample\Sample\Sample.projitems*{e2458e75-522b-4757-93d6-b8d776397852}*SharedItemsImports = 4
		Sample\Sample\Sample.projitems*{f6edec48-79a7-4396-983c-ce97833c8a60}*SharedItemsImports = 13
	EndGlobalSection
	GlobalSection(SolutionConfigurationPlatforms) = preSolution
		Ad-Hoc|Any CPU = Ad-Hoc|Any CPU
		Ad-Hoc|iPhone = Ad-Hoc|iPhone
		Ad-Hoc|iPhoneSimulator = Ad-Hoc|iPhoneSimulator
		AppStore|Any CPU = AppStore|Any CPU
		AppStore|iPhone = AppStore|iPhone
		AppStore|iPhoneSimulator = AppStore|iPhoneSimulator
		Debug|Any CPU = Debug|Any CPU
		Debug|iPhone = Debug|iPhone
		Debug|iPhoneSimulator = Debug|iPhoneSimulator
		Release|Any CPU = Release|Any CPU
		Release|iPhone = Release|iPhone
		Release|iPhoneSimulator = Release|iPhoneSimulator
	EndGlobalSection
	GlobalSection(ProjectConfigurationPlatforms) = postSolution
		{427FEB2C-A8AE-4466-A546-232673904D03}.Ad-Hoc|Any CPU.ActiveCfg = Release|Any CPU
		{427FEB2C-A8AE-4466-A546-232673904D03}.Ad-Hoc|Any CPU.Build.0 = Release|Any CPU
		{427FEB2C-A8AE-4466-A546-232673904D03}.Ad-Hoc|Any CPU.Deploy.0 = Release|Any CPU
		{427FEB2C-A8AE-4466-A546-232673904D03}.Ad-Hoc|iPhone.ActiveCfg = Release|Any CPU
		{427FEB2C-A8AE-4466-A546-232673904D03}.Ad-Hoc|iPhone.Build.0 = Release|Any CPU
		{427FEB2C-A8AE-4466-A546-232673904D03}.Ad-Hoc|iPhone.Deploy.0 = Release|Any CPU
		{427FEB2C-A8AE-4466-A546-232673904D03}.Ad-Hoc|iPhoneSimulator.ActiveCfg = Release|Any CPU
		{427FEB2C-A8AE-4466-A546-232673904D03}.Ad-Hoc|iPhoneSimulator.Build.0 = Release|Any CPU
		{427FEB2C-A8AE-4466-A546-232673904D03}.Ad-Hoc|iPhoneSimulator.Deploy.0 = Release|Any CPU
		{427FEB2C-A8AE-4466-A546-232673904D03}.AppStore|Any CPU.ActiveCfg = Release|Any CPU
		{427FEB2C-A8AE-4466-A546-232673904D03}.AppStore|Any CPU.Build.0 = Release|Any CPU
		{427FEB2C-A8AE-4466-A546-232673904D03}.AppStore|Any CPU.Deploy.0 = Release|Any CPU
		{427FEB2C-A8AE-4466-A546-232673904D03}.AppStore|iPhone.ActiveCfg = Release|Any CPU
		{427FEB2C-A8AE-4466-A546-232673904D03}.AppStore|iPhone.Build.0 = Release|Any CPU
		{427FEB2C-A8AE-4466-A546-232673904D03}.AppStore|iPhone.Deploy.0 = Release|Any CPU
		{427FEB2C-A8AE-4466-A546-232673904D03}.AppStore|iPhoneSimulator.ActiveCfg = Release|Any CPU
		{427FEB2C-A8AE-4466-A546-232673904D03}.AppStore|iPhoneSimulator.Build.0 = Release|Any CPU
		{427FEB2C-A8AE-4466-A546-232673904D03}.AppStore|iPhoneSimulator.Deploy.0 = Release|Any CPU
		{427FEB2C-A8AE-4466-A546-232673904D03}.Debug|Any CPU.ActiveCfg = Debug|Any CPU
		{427FEB2C-A8AE-4466-A546-232673904D03}.Debug|Any CPU.Build.0 = Debug|Any CPU
		{427FEB2C-A8AE-4466-A546-232673904D03}.Debug|Any CPU.Deploy.0 = Debug|Any CPU
		{427FEB2C-A8AE-4466-A546-232673904D03}.Debug|iPhone.ActiveCfg = Debug|Any CPU
		{427FEB2C-A8AE-4466-A546-232673904D03}.Debug|iPhone.Build.0 = Debug|Any CPU
		{427FEB2C-A8AE-4466-A546-232673904D03}.Debug|iPhone.Deploy.0 = Debug|Any CPU
		{427FEB2C-A8AE-4466-A546-232673904D03}.Debug|iPhoneSimulator.ActiveCfg = Debug|Any CPU
		{427FEB2C-A8AE-4466-A546-232673904D03}.Debug|iPhoneSimulator.Build.0 = Debug|Any CPU
		{427FEB2C-A8AE-4466-A546-232673904D03}.Debug|iPhoneSimulator.Deploy.0 = Debug|Any CPU
		{427FEB2C-A8AE-4466-A546-232673904D03}.Release|Any CPU.ActiveCfg = Release|Any CPU
		{427FEB2C-A8AE-4466-A546-232673904D03}.Release|Any CPU.Build.0 = Release|Any CPU
		{427FEB2C-A8AE-4466-A546-232673904D03}.Release|Any CPU.Deploy.0 = Release|Any CPU
		{427FEB2C-A8AE-4466-A546-232673904D03}.Release|iPhone.ActiveCfg = Release|Any CPU
		{427FEB2C-A8AE-4466-A546-232673904D03}.Release|iPhone.Build.0 = Release|Any CPU
		{427FEB2C-A8AE-4466-A546-232673904D03}.Release|iPhone.Deploy.0 = Release|Any CPU
		{427FEB2C-A8AE-4466-A546-232673904D03}.Release|iPhoneSimulator.ActiveCfg = Release|Any CPU
		{427FEB2C-A8AE-4466-A546-232673904D03}.Release|iPhoneSimulator.Build.0 = Release|Any CPU
		{427FEB2C-A8AE-4466-A546-232673904D03}.Release|iPhoneSimulator.Deploy.0 = Release|Any CPU
		{5F384792-C05D-400B-9737-48CB0937C92C}.Ad-Hoc|Any CPU.ActiveCfg = Release|Any CPU
		{5F384792-C05D-400B-9737-48CB0937C92C}.Ad-Hoc|Any CPU.Build.0 = Release|Any CPU
		{5F384792-C05D-400B-9737-48CB0937C92C}.Ad-Hoc|iPhone.ActiveCfg = Release|Any CPU
		{5F384792-C05D-400B-9737-48CB0937C92C}.Ad-Hoc|iPhone.Build.0 = Release|Any CPU
		{5F384792-C05D-400B-9737-48CB0937C92C}.Ad-Hoc|iPhoneSimulator.ActiveCfg = Release|Any CPU
		{5F384792-C05D-400B-9737-48CB0937C92C}.Ad-Hoc|iPhoneSimulator.Build.0 = Release|Any CPU
		{5F384792-C05D-400B-9737-48CB0937C92C}.AppStore|Any CPU.ActiveCfg = Release|Any CPU
		{5F384792-C05D-400B-9737-48CB0937C92C}.AppStore|Any CPU.Build.0 = Release|Any CPU
		{5F384792-C05D-400B-9737-48CB0937C92C}.AppStore|iPhone.ActiveCfg = Release|Any CPU
		{5F384792-C05D-400B-9737-48CB0937C92C}.AppStore|iPhone.Build.0 = Release|Any CPU
		{5F384792-C05D-400B-9737-48CB0937C92C}.AppStore|iPhoneSimulator.ActiveCfg = Release|Any CPU
		{5F384792-C05D-400B-9737-48CB0937C92C}.AppStore|iPhoneSimulator.Build.0 = Release|Any CPU
		{5F384792-C05D-400B-9737-48CB0937C92C}.Debug|Any CPU.ActiveCfg = Debug|Any CPU
		{5F384792-C05D-400B-9737-48CB0937C92C}.Debug|Any CPU.Build.0 = Debug|Any CPU
		{5F384792-C05D-400B-9737-48CB0937C92C}.Debug|iPhone.ActiveCfg = Debug|Any CPU
		{5F384792-C05D-400B-9737-48CB0937C92C}.Debug|iPhone.Build.0 = Debug|Any CPU
		{5F384792-C05D-400B-9737-48CB0937C92C}.Debug|iPhoneSimulator.ActiveCfg = Debug|Any CPU
		{5F384792-C05D-400B-9737-48CB0937C92C}.Debug|iPhoneSimulator.Build.0 = Debug|Any CPU
		{5F384792-C05D-400B-9737-48CB0937C92C}.Release|Any CPU.ActiveCfg = Release|Any CPU
		{5F384792-C05D-400B-9737-48CB0937C92C}.Release|Any CPU.Build.0 = Release|Any CPU
		{5F384792-C05D-400B-9737-48CB0937C92C}.Release|iPhone.ActiveCfg = Release|Any CPU
		{5F384792-C05D-400B-9737-48CB0937C92C}.Release|iPhone.Build.0 = Release|Any CPU
		{5F384792-C05D-400B-9737-48CB0937C92C}.Release|iPhoneSimulator.ActiveCfg = Release|Any CPU
		{5F384792-C05D-400B-9737-48CB0937C92C}.Release|iPhoneSimulator.Build.0 = Release|Any CPU
		{4A282745-B9E8-4112-A833-6436DC8D904B}.Ad-Hoc|Any CPU.ActiveCfg = Release|Any CPU
		{4A282745-B9E8-4112-A833-6436DC8D904B}.Ad-Hoc|Any CPU.Build.0 = Release|Any CPU
		{4A282745-B9E8-4112-A833-6436DC8D904B}.Ad-Hoc|Any CPU.Deploy.0 = Release|Any CPU
		{4A282745-B9E8-4112-A833-6436DC8D904B}.Ad-Hoc|iPhone.ActiveCfg = Release|Any CPU
		{4A282745-B9E8-4112-A833-6436DC8D904B}.Ad-Hoc|iPhone.Build.0 = Release|Any CPU
		{4A282745-B9E8-4112-A833-6436DC8D904B}.Ad-Hoc|iPhone.Deploy.0 = Release|Any CPU
		{4A282745-B9E8-4112-A833-6436DC8D904B}.Ad-Hoc|iPhoneSimulator.ActiveCfg = Release|Any CPU
		{4A282745-B9E8-4112-A833-6436DC8D904B}.Ad-Hoc|iPhoneSimulator.Build.0 = Release|Any CPU
		{4A282745-B9E8-4112-A833-6436DC8D904B}.Ad-Hoc|iPhoneSimulator.Deploy.0 = Release|Any CPU
		{4A282745-B9E8-4112-A833-6436DC8D904B}.AppStore|Any CPU.ActiveCfg = Release|Any CPU
		{4A282745-B9E8-4112-A833-6436DC8D904B}.AppStore|Any CPU.Build.0 = Release|Any CPU
		{4A282745-B9E8-4112-A833-6436DC8D904B}.AppStore|Any CPU.Deploy.0 = Release|Any CPU
		{4A282745-B9E8-4112-A833-6436DC8D904B}.AppStore|iPhone.ActiveCfg = Release|Any CPU
		{4A282745-B9E8-4112-A833-6436DC8D904B}.AppStore|iPhone.Build.0 = Release|Any CPU
		{4A282745-B9E8-4112-A833-6436DC8D904B}.AppStore|iPhone.Deploy.0 = Release|Any CPU
		{4A282745-B9E8-4112-A833-6436DC8D904B}.AppStore|iPhoneSimulator.ActiveCfg = Release|Any CPU
		{4A282745-B9E8-4112-A833-6436DC8D904B}.AppStore|iPhoneSimulator.Build.0 = Release|Any CPU
		{4A282745-B9E8-4112-A833-6436DC8D904B}.AppStore|iPhoneSimulator.Deploy.0 = Release|Any CPU
		{4A282745-B9E8-4112-A833-6436DC8D904B}.Debug|Any CPU.ActiveCfg = Debug|Any CPU
		{4A282745-B9E8-4112-A833-6436DC8D904B}.Debug|Any CPU.Build.0 = Debug|Any CPU
		{4A282745-B9E8-4112-A833-6436DC8D904B}.Debug|Any CPU.Deploy.0 = Debug|Any CPU
		{4A282745-B9E8-4112-A833-6436DC8D904B}.Debug|iPhone.ActiveCfg = Debug|Any CPU
		{4A282745-B9E8-4112-A833-6436DC8D904B}.Debug|iPhone.Build.0 = Debug|Any CPU
		{4A282745-B9E8-4112-A833-6436DC8D904B}.Debug|iPhone.Deploy.0 = Debug|Any CPU
		{4A282745-B9E8-4112-A833-6436DC8D904B}.Debug|iPhoneSimulator.ActiveCfg = Debug|Any CPU
		{4A282745-B9E8-4112-A833-6436DC8D904B}.Debug|iPhoneSimulator.Build.0 = Debug|Any CPU
		{4A282745-B9E8-4112-A833-6436DC8D904B}.Debug|iPhoneSimulator.Deploy.0 = Debug|Any CPU
		{4A282745-B9E8-4112-A833-6436DC8D904B}.Release|Any CPU.ActiveCfg = Release|Any CPU
		{4A282745-B9E8-4112-A833-6436DC8D904B}.Release|Any CPU.Build.0 = Release|Any CPU
		{4A282745-B9E8-4112-A833-6436DC8D904B}.Release|Any CPU.Deploy.0 = Release|Any CPU
		{4A282745-B9E8-4112-A833-6436DC8D904B}.Release|iPhone.ActiveCfg = Release|Any CPU
		{4A282745-B9E8-4112-A833-6436DC8D904B}.Release|iPhone.Build.0 = Release|Any CPU
		{4A282745-B9E8-4112-A833-6436DC8D904B}.Release|iPhone.Deploy.0 = Release|Any CPU
		{4A282745-B9E8-4112-A833-6436DC8D904B}.Release|iPhoneSimulator.ActiveCfg = Release|Any CPU
		{4A282745-B9E8-4112-A833-6436DC8D904B}.Release|iPhoneSimulator.Build.0 = Release|Any CPU
		{4A282745-B9E8-4112-A833-6436DC8D904B}.Release|iPhoneSimulator.Deploy.0 = Release|Any CPU
		{E2458E75-522B-4757-93D6-B8D776397852}.Ad-Hoc|Any CPU.ActiveCfg = Ad-Hoc|iPhone
		{E2458E75-522B-4757-93D6-B8D776397852}.Ad-Hoc|iPhone.ActiveCfg = Ad-Hoc|iPhone
		{E2458E75-522B-4757-93D6-B8D776397852}.Ad-Hoc|iPhone.Build.0 = Ad-Hoc|iPhone
		{E2458E75-522B-4757-93D6-B8D776397852}.Ad-Hoc|iPhoneSimulator.ActiveCfg = Ad-Hoc|iPhoneSimulator
		{E2458E75-522B-4757-93D6-B8D776397852}.Ad-Hoc|iPhoneSimulator.Build.0 = Ad-Hoc|iPhoneSimulator
		{E2458E75-522B-4757-93D6-B8D776397852}.AppStore|Any CPU.ActiveCfg = AppStore|iPhone
		{E2458E75-522B-4757-93D6-B8D776397852}.AppStore|iPhone.ActiveCfg = AppStore|iPhone
		{E2458E75-522B-4757-93D6-B8D776397852}.AppStore|iPhone.Build.0 = AppStore|iPhone
		{E2458E75-522B-4757-93D6-B8D776397852}.AppStore|iPhoneSimulator.ActiveCfg = AppStore|iPhoneSimulator
		{E2458E75-522B-4757-93D6-B8D776397852}.AppStore|iPhoneSimulator.Build.0 = AppStore|iPhoneSimulator
		{E2458E75-522B-4757-93D6-B8D776397852}.Debug|Any CPU.ActiveCfg = Debug|iPhone
		{E2458E75-522B-4757-93D6-B8D776397852}.Debug|iPhone.ActiveCfg = Debug|iPhone
		{E2458E75-522B-4757-93D6-B8D776397852}.Debug|iPhone.Build.0 = Debug|iPhone
		{E2458E75-522B-4757-93D6-B8D776397852}.Debug|iPhoneSimulator.ActiveCfg = Debug|iPhoneSimulator
		{E2458E75-522B-4757-93D6-B8D776397852}.Debug|iPhoneSimulator.Build.0 = Debug|iPhoneSimulator
		{E2458E75-522B-4757-93D6-B8D776397852}.Release|Any CPU.ActiveCfg = Release|iPhone
		{E2458E75-522B-4757-93D6-B8D776397852}.Release|iPhone.ActiveCfg = Release|iPhone
		{E2458E75-522B-4757-93D6-B8D776397852}.Release|iPhone.Build.0 = Release|iPhone
		{E2458E75-522B-4757-93D6-B8D776397852}.Release|iPhoneSimulator.ActiveCfg = Release|iPhoneSimulator
		{E2458E75-522B-4757-93D6-B8D776397852}.Release|iPhoneSimulator.Build.0 = Release|iPhoneSimulator
		{E9F3A7EE-B230-409F-B58A-76BC09A4E6B6}.Ad-Hoc|Any CPU.ActiveCfg = Ad-Hoc|iPhone
		{E9F3A7EE-B230-409F-B58A-76BC09A4E6B6}.Ad-Hoc|iPhone.ActiveCfg = Ad-Hoc|iPhone
		{E9F3A7EE-B230-409F-B58A-76BC09A4E6B6}.Ad-Hoc|iPhone.Build.0 = Ad-Hoc|iPhone
		{E9F3A7EE-B230-409F-B58A-76BC09A4E6B6}.Ad-Hoc|iPhoneSimulator.ActiveCfg = Ad-Hoc|iPhoneSimulator
		{E9F3A7EE-B230-409F-B58A-76BC09A4E6B6}.Ad-Hoc|iPhoneSimulator.Build.0 = Ad-Hoc|iPhoneSimulator
		{E9F3A7EE-B230-409F-B58A-76BC09A4E6B6}.AppStore|Any CPU.ActiveCfg = AppStore|iPhone
		{E9F3A7EE-B230-409F-B58A-76BC09A4E6B6}.AppStore|iPhone.ActiveCfg = AppStore|iPhone
		{E9F3A7EE-B230-409F-B58A-76BC09A4E6B6}.AppStore|iPhone.Build.0 = AppStore|iPhone
		{E9F3A7EE-B230-409F-B58A-76BC09A4E6B6}.AppStore|iPhoneSimulator.ActiveCfg = AppStore|iPhoneSimulator
		{E9F3A7EE-B230-409F-B58A-76BC09A4E6B6}.AppStore|iPhoneSimulator.Build.0 = AppStore|iPhoneSimulator
		{E9F3A7EE-B230-409F-B58A-76BC09A4E6B6}.Debug|Any CPU.ActiveCfg = Debug|iPhone
		{E9F3A7EE-B230-409F-B58A-76BC09A4E6B6}.Debug|iPhone.ActiveCfg = Debug|iPhone
		{E9F3A7EE-B230-409F-B58A-76BC09A4E6B6}.Debug|iPhone.Build.0 = Debug|iPhone
		{E9F3A7EE-B230-409F-B58A-76BC09A4E6B6}.Debug|iPhoneSimulator.ActiveCfg = Debug|iPhoneSimulator
		{E9F3A7EE-B230-409F-B58A-76BC09A4E6B6}.Debug|iPhoneSimulator.Build.0 = Debug|iPhoneSimulator
		{E9F3A7EE-B230-409F-B58A-76BC09A4E6B6}.Release|Any CPU.ActiveCfg = Release|iPhone
		{E9F3A7EE-B230-409F-B58A-76BC09A4E6B6}.Release|iPhone.ActiveCfg = Release|iPhone
		{E9F3A7EE-B230-409F-B58A-76BC09A4E6B6}.Release|iPhone.Build.0 = Release|iPhone
		{E9F3A7EE-B230-409F-B58A-76BC09A4E6B6}.Release|iPhoneSimulator.ActiveCfg = Release|iPhoneSimulator
		{E9F3A7EE-B230-409F-B58A-76BC09A4E6B6}.Release|iPhoneSimulator.Build.0 = Release|iPhoneSimulator
	EndGlobalSection
	GlobalSection(SolutionProperties) = preSolution
		HideSolutionNode = FALSE
	EndGlobalSection
	GlobalSection(ExtensibilityGlobals) = postSolution
		SolutionGuid = {982A6079-507D-4C81-B482-E64C299A686F}
	EndGlobalSection
EndGlobal
